
Microsoft Visual Studio Solution File, Format Version 12.00
# Visual Studio Version 17
VisualStudioVersion = 17.8.34330.188
MinimumVisualStudioVersion = 10.0.40219.1
Project("{FAE04EC0-301F-11D3-BF4B-00C04F79EFBC}") = "ConsoleApp1", "ConsoleApp1.csproj", "{4BCB16D8-F2A6-49CE-A3AF-2FEF28C499EE}"
EndProject
Global
	GlobalSection(SolutionConfigurationPlatforms) = preSolution
		Debug|Any CPU = Debug|Any CPU
		Release|Any CPU = Release|Any CPU
	EndGlobalSection
	GlobalSection(ProjectConfigurationPlatforms) = postSolution
		{4BCB16D8-F2A6-49CE-A3AF-2FEF28C499EE}.Debug|Any CPU.ActiveCfg = Debug|Any CPU
		{4BCB16D8-F2A6-49CE-A3AF-2FEF28C499EE}.Debug|Any CPU.Build.0 = Debug|Any CPU
		{4BCB16D8-F2A6-49CE-A3AF-2FEF28C499EE}.Release|Any CPU.ActiveCfg = Release|Any CPU
		{4BCB16D8-F2A6-49CE-A3AF-2FEF28C499EE}.Release|Any CPU.Build.0 = Release|Any CPU
	EndGlobalSection
	GlobalSection(SolutionProperties) = preSolution
		HideSolutionNode = FALSE
	EndGlobalSection
	GlobalSection(ExtensibilityGlobals) = postSolution
		SolutionGuid = {94438B56-EF54-477C-97C2-FF0E76795D7A}
	EndGlobalSection
EndGlobal
